PODS:
  - Alamofire (4.5.1)
  - AlamofireObjectMapper (5.0.0):
    - Alamofire (~> 4.1)
    - ObjectMapper (~> 3.0)
  - Crashlytics (3.9.3):
    - Fabric (~> 1.7.2)
  - Digits (3.0.2):
    - Fabric
    - TwitterCore
  - Fabric (1.7.2)
  - Kanna (2.2.1)
  - ObjectMapper (3.0.0)
  - TwitterCore (3.0.2)

DEPENDENCIES:
  - Alamofire
  - AlamofireObjectMapper
  - Crashlytics
  - Digits
  - Fabric
  - Kanna
  - ObjectMapper

SPEC CHECKSUMS:
  Alamofire: 2d95912bf4c34f164fdfc335872e8c312acaea4a
  AlamofireObjectMapper: 5fafc816351cbbc0d486611aaeba7461c0cbad49
  Crashlytics: dbb07d01876c171c5ccbdf7826410380189e452c
  Digits: b081fcf5c6d281f5e42830b428412a3ef8fc6c68
  Fabric: 9cd6a848efcf1b8b07497e0b6a2e7d336353ba15
  Kanna: 182789ab065e8f9a6ccc2a74ce6283d3401c0c4a
  ObjectMapper: 92230db59bf8f341a5c3a3cf0b9fbdde3cf0d87f
  TwitterCore: e0420b01e02e7d20e94690e37f43e75de219ab8d

PODFILE CHECKSUM: 5ab8fd1bd1693dfeb47ee97f7a6b18f8eabd6e89

COCOAPODS: 1.2.0
